{
  "name": "plugin_config",
  "lockfileVersion": 3,
  "requires": true,
  "packages": {
    "": {
      "dependencies": {
        "font-logos": "^1.2.0"
      }
    },
    "node_modules/font-logos": {
      "version": "1.2.0",
      "resolved": "https://registry.npmjs.org/font-logos/-/font-logos-1.2.0.tgz",
      "integrity": "sha512-LQYjEmXRXCYk0jg/lZMMM9tonmAfaVbBRsn7J0XwWcjXKIN6ZqNakOWhn/Sjt7jBocaQhrHx1EWAFGv6R0zQKw=="
    }
  }
}
